
Microsoft Visual Studio Solution File, Format Version 12.00
# Visual Studio Version 16
VisualStudioVersion = 16.0.30621.155
MinimumVisualStudioVersion = 10.0.40219.1
Project("{FAE04EC0-301F-11D3-BF4B-00C04F79EFBC}") = "MasterMind", "MasterMind.csproj", "{9C0ADD56-FC9D-455D-B68F-CCD93B4A6334}"
EndProject
Global
	GlobalSection(SolutionConfigurationPlatforms) = preSolution
		Debug|Any CPU = Debug|Any CPU
		Release|Any CPU = Release|Any CPU
	EndGlobalSection
	GlobalSection(ProjectConfigurationPlatforms) = postSolution
		{9C0ADD56-FC9D-455D-B68F-CCD93B4A6334}.Debug|Any CPU.ActiveCfg = Debug|Any CPU
		{9C0ADD56-FC9D-455D-B68F-CCD93B4A6334}.Debug|Any CPU.Build.0 = Debug|Any CPU
		{9C0ADD56-FC9D-455D-B68F-CCD93B4A6334}.Release|Any CPU.ActiveCfg = Release|Any CPU
		{9C0ADD56-FC9D-455D-B68F-CCD93B4A6334}.Release|Any CPU.Build.0 = Release|Any CPU
	EndGlobalSection
	GlobalSection(SolutionProperties) = preSolution
		HideSolutionNode = FALSE
	EndGlobalSection
	GlobalSection(ExtensibilityGlobals) = postSolution
		SolutionGuid = {B66678F1-98C8-4227-9A88-8A1CB94DC829}
	EndGlobalSection
EndGlobal
